
Microsoft Visual Studio Solution File, Format Version 12.00
# Visual Studio Version 16
VisualStudioVersion = 16.0.30011.22
MinimumVisualStudioVersion = 10.0.40219.1
Project("{2150E333-8FDC-42A3-9474-1A3956D46DE8}") = "Testing", "Testing", "{47A74FFF-2728-46DE-91A8-A16610501C32}"
EndProject
Project("{2150E333-8FDC-42A3-9474-1A3956D46DE8}") = "Common", "Common", "{1E527510-ADCC-4717-89BD-AF7376286900}"
EndProject
Project("{2150E333-8FDC-42A3-9474-1A3956D46DE8}") = "Backend", "Backend", "{A4F5DFE3-9D38-4D43-904F-25DA379C7D10}"
EndProject
Project("{FAE04EC0-301F-11D3-BF4B-00C04F79EFBC}") = "GuizzySeguridad.Api", "GuizzySeguridad.Api\GuizzySeguridad.Api.csproj", "{855BCA80-756D-4C3E-AF2C-37AE6F6C8AD0}"
EndProject
Project("{9A19103F-16F7-4668-BE54-9A1E7A4F7556}") = "GuizzySeguridad.Common", "GuizzySeguridad.Common\GuizzySeguridad.Common.csproj", "{2212A61B-221D-47AF-A69A-3D43FEE06FBA}"
EndProject
Project("{9A19103F-16F7-4668-BE54-9A1E7A4F7556}") = "GuizzySeguridad.Common.Server", "GuizzySeguridad.Common.Server\GuizzySeguridad.Common.Server.csproj", "{83F41F9C-B663-49F1-84CB-426B6B9FF9B5}"
EndProject
Project("{FAE04EC0-301F-11D3-BF4B-00C04F79EFBC}") = "GuizzySeguridad.Common.UnitTests", "GuizzySeguridad.Common.UnitTests\GuizzySeguridad.Common.UnitTests.csproj", "{B61A5857-9667-4270-A49A-3243FB0CD34C}"
EndProject
Project("{FAE04EC0-301F-11D3-BF4B-00C04F79EFBC}") = "GuizzySeguridad.Common.Clients", "GuizzySeguridad.Common.Clients\GuizzySeguridad.Common.Clients.csproj", "{DAC49114-DAE1-4517-B819-837A91F92E11}"
EndProject
Project("{FAE04EC0-301F-11D3-BF4B-00C04F79EFBC}") = "GuizzySeguridad.Web", "GuizzySeguridad.Web\GuizzySeguridad.Web.csproj", "{19E36788-5D72-4AA5-BDA1-6D1473C6E20F}"
EndProject
Global
	GlobalSection(SolutionConfigurationPlatforms) = preSolution
		Debug|Any CPU = Debug|Any CPU
		Release|Any CPU = Release|Any CPU
	EndGlobalSection
	GlobalSection(ProjectConfigurationPlatforms) = postSolution
		{855BCA80-756D-4C3E-AF2C-37AE6F6C8AD0}.Debug|Any CPU.ActiveCfg = Debug|Any CPU
		{855BCA80-756D-4C3E-AF2C-37AE6F6C8AD0}.Debug|Any CPU.Build.0 = Debug|Any CPU
		{855BCA80-756D-4C3E-AF2C-37AE6F6C8AD0}.Release|Any CPU.ActiveCfg = Release|Any CPU
		{855BCA80-756D-4C3E-AF2C-37AE6F6C8AD0}.Release|Any CPU.Build.0 = Release|Any CPU
		{2212A61B-221D-47AF-A69A-3D43FEE06FBA}.Debug|Any CPU.ActiveCfg = Debug|Any CPU
		{2212A61B-221D-47AF-A69A-3D43FEE06FBA}.Debug|Any CPU.Build.0 = Debug|Any CPU
		{2212A61B-221D-47AF-A69A-3D43FEE06FBA}.Release|Any CPU.ActiveCfg = Release|Any CPU
		{2212A61B-221D-47AF-A69A-3D43FEE06FBA}.Release|Any CPU.Build.0 = Release|Any CPU
		{83F41F9C-B663-49F1-84CB-426B6B9FF9B5}.Debug|Any CPU.ActiveCfg = Debug|Any CPU
		{83F41F9C-B663-49F1-84CB-426B6B9FF9B5}.Debug|Any CPU.Build.0 = Debug|Any CPU
		{83F41F9C-B663-49F1-84CB-426B6B9FF9B5}.Release|Any CPU.ActiveCfg = Release|Any CPU
		{83F41F9C-B663-49F1-84CB-426B6B9FF9B5}.Release|Any CPU.Build.0 = Release|Any CPU
		{B61A5857-9667-4270-A49A-3243FB0CD34C}.Debug|Any CPU.ActiveCfg = Debug|Any CPU
		{B61A5857-9667-4270-A49A-3243FB0CD34C}.Debug|Any CPU.Build.0 = Debug|Any CPU
		{B61A5857-9667-4270-A49A-3243FB0CD34C}.Release|Any CPU.ActiveCfg = Release|Any CPU
		{B61A5857-9667-4270-A49A-3243FB0CD34C}.Release|Any CPU.Build.0 = Release|Any CPU
		{DAC49114-DAE1-4517-B819-837A91F92E11}.Debug|Any CPU.ActiveCfg = Debug|Any CPU
		{DAC49114-DAE1-4517-B819-837A91F92E11}.Debug|Any CPU.Build.0 = Debug|Any CPU
		{DAC49114-DAE1-4517-B819-837A91F92E11}.Release|Any CPU.ActiveCfg = Release|Any CPU
		{DAC49114-DAE1-4517-B819-837A91F92E11}.Release|Any CPU.Build.0 = Release|Any CPU
		{19E36788-5D72-4AA5-BDA1-6D1473C6E20F}.Debug|Any CPU.ActiveCfg = Debug|Any CPU
		{19E36788-5D72-4AA5-BDA1-6D1473C6E20F}.Debug|Any CPU.Build.0 = Debug|Any CPU
		{19E36788-5D72-4AA5-BDA1-6D1473C6E20F}.Release|Any CPU.ActiveCfg = Release|Any CPU
		{19E36788-5D72-4AA5-BDA1-6D1473C6E20F}.Release|Any CPU.Build.0 = Release|Any CPU
	EndGlobalSection
	GlobalSection(SolutionProperties) = preSolution
		HideSolutionNode = FALSE
	EndGlobalSection
	GlobalSection(NestedProjects) = preSolution
		{855BCA80-756D-4C3E-AF2C-37AE6F6C8AD0} = {A4F5DFE3-9D38-4D43-904F-25DA379C7D10}
		{2212A61B-221D-47AF-A69A-3D43FEE06FBA} = {1E527510-ADCC-4717-89BD-AF7376286900}
		{83F41F9C-B663-49F1-84CB-426B6B9FF9B5} = {1E527510-ADCC-4717-89BD-AF7376286900}
		{B61A5857-9667-4270-A49A-3243FB0CD34C} = {47A74FFF-2728-46DE-91A8-A16610501C32}
		{DAC49114-DAE1-4517-B819-837A91F92E11} = {1E527510-ADCC-4717-89BD-AF7376286900}
		{19E36788-5D72-4AA5-BDA1-6D1473C6E20F} = {A4F5DFE3-9D38-4D43-904F-25DA379C7D10}
	EndGlobalSection
	GlobalSection(ExtensibilityGlobals) = postSolution
		SolutionGuid = {4456BE38-D168-48C6-ACEC-6FAFE699E64E}
	EndGlobalSection
EndGlobal
