
Microsoft Visual Studio Solution File, Format Version 12.00
# Visual Studio Version 16
VisualStudioVersion = 16.0.30011.22
MinimumVisualStudioVersion = 10.0.40219.1
Project("{FAE04EC0-301F-11D3-BF4B-00C04F79EFBC}") = "ServicesClient", "ServicesClient\ServicesClient.csproj", "{59CE65BF-AC50-4966-86B2-2CC1AF1FED97}"
EndProject
Project("{FAE04EC0-301F-11D3-BF4B-00C04F79EFBC}") = "WebResidencial", "WebResidencial\WebResidencial.csproj", "{7523BCCE-BB8D-4071-B2C6-D1110E9E3140}"
EndProject
Global
	GlobalSection(SolutionConfigurationPlatforms) = preSolution
		Debug|Any CPU = Debug|Any CPU
		Release|Any CPU = Release|Any CPU
	EndGlobalSection
	GlobalSection(ProjectConfigurationPlatforms) = postSolution
		{59CE65BF-AC50-4966-86B2-2CC1AF1FED97}.Debug|Any CPU.ActiveCfg = Debug|Any CPU
		{59CE65BF-AC50-4966-86B2-2CC1AF1FED97}.Debug|Any CPU.Build.0 = Debug|Any CPU
		{59CE65BF-AC50-4966-86B2-2CC1AF1FED97}.Release|Any CPU.ActiveCfg = Release|Any CPU
		{59CE65BF-AC50-4966-86B2-2CC1AF1FED97}.Release|Any CPU.Build.0 = Release|Any CPU
		{7523BCCE-BB8D-4071-B2C6-D1110E9E3140}.Debug|Any CPU.ActiveCfg = Debug|Any CPU
		{7523BCCE-BB8D-4071-B2C6-D1110E9E3140}.Debug|Any CPU.Build.0 = Debug|Any CPU
		{7523BCCE-BB8D-4071-B2C6-D1110E9E3140}.Release|Any CPU.ActiveCfg = Release|Any CPU
		{7523BCCE-BB8D-4071-B2C6-D1110E9E3140}.Release|Any CPU.Build.0 = Release|Any CPU
	EndGlobalSection
	GlobalSection(SolutionProperties) = preSolution
		HideSolutionNode = FALSE
	EndGlobalSection
	GlobalSection(ExtensibilityGlobals) = postSolution
		SolutionGuid = {E3B884EB-9EDF-449E-9876-0248E305F22B}
	EndGlobalSection
EndGlobal
