
Microsoft Visual Studio Solution File, Format Version 12.00
# Visual Studio Version 16
VisualStudioVersion = 16.0.30002.166
MinimumVisualStudioVersion = 10.0.40219.1
Project("{FAE04EC0-301F-11D3-BF4B-00C04F79EFBC}") = "GS.Api", "GS.Api\GS.Api.csproj", "{855BCA80-756D-4C3E-AF2C-37AE6F6C8AD0}"
EndProject
Project("{9A19103F-16F7-4668-BE54-9A1E7A4F7556}") = "GS.Api.Types", "GS.Api.Types\GS.Api.Types.csproj", "{426CA6E1-CEAC-49BD-818C-BD7D6B45D892}"
EndProject
Project("{9A19103F-16F7-4668-BE54-9A1E7A4F7556}") = "GS.Api.OperationalManagement", "GS.Api.OperationalManagement\GS.Api.OperationalManagement.csproj", "{2C639B5C-5AE8-4387-B16C-61BFFAE92AD5}"
EndProject
Project("{9A19103F-16F7-4668-BE54-9A1E7A4F7556}") = "GS.Api.DataLayer", "GS.Api.DataLayer\GS.Api.DataLayer.csproj", "{98E49495-459D-4349-9225-B5E9FD901255}"
EndProject
Project("{9A19103F-16F7-4668-BE54-9A1E7A4F7556}") = "GS.Api.BusinessLayer", "GS.Api.BusinessLayer\GS.Api.BusinessLayer.csproj", "{468932C1-D45F-45A9-A6AA-4948626B32C8}"
EndProject
Project("{2150E333-8FDC-42A3-9474-1A3956D46DE8}") = "Tests", "Tests", "{5D588EBE-F04B-4FDA-884A-2307CCF394B1}"
EndProject
Project("{FAE04EC0-301F-11D3-BF4B-00C04F79EFBC}") = "GS.Api.UnitTests", "GS.Api.UnitTests\GS.Api.UnitTests.csproj", "{A6DB82FE-D636-49D3-BC3B-7F1E9BE0D894}"
EndProject
Project("{FAE04EC0-301F-11D3-BF4B-00C04F79EFBC}") = "GS.Api.TestingTools", "GS.Api.TestingTools\GS.Api.TestingTools.csproj", "{FA9A3461-D219-4279-8521-F4751FC52009}"
EndProject
Project("{2150E333-8FDC-42A3-9474-1A3956D46DE8}") = "Core", "Core", "{5D0013DF-C4F1-42FD-80A3-E80345B4059F}"
EndProject
Global
	GlobalSection(SolutionConfigurationPlatforms) = preSolution
		Debug|Any CPU = Debug|Any CPU
		Release|Any CPU = Release|Any CPU
	EndGlobalSection
	GlobalSection(ProjectConfigurationPlatforms) = postSolution
		{855BCA80-756D-4C3E-AF2C-37AE6F6C8AD0}.Debug|Any CPU.ActiveCfg = Debug|Any CPU
		{855BCA80-756D-4C3E-AF2C-37AE6F6C8AD0}.Debug|Any CPU.Build.0 = Debug|Any CPU
		{855BCA80-756D-4C3E-AF2C-37AE6F6C8AD0}.Release|Any CPU.ActiveCfg = Release|Any CPU
		{855BCA80-756D-4C3E-AF2C-37AE6F6C8AD0}.Release|Any CPU.Build.0 = Release|Any CPU
		{426CA6E1-CEAC-49BD-818C-BD7D6B45D892}.Debug|Any CPU.ActiveCfg = Debug|Any CPU
		{426CA6E1-CEAC-49BD-818C-BD7D6B45D892}.Debug|Any CPU.Build.0 = Debug|Any CPU
		{426CA6E1-CEAC-49BD-818C-BD7D6B45D892}.Release|Any CPU.ActiveCfg = Release|Any CPU
		{426CA6E1-CEAC-49BD-818C-BD7D6B45D892}.Release|Any CPU.Build.0 = Release|Any CPU
		{2C639B5C-5AE8-4387-B16C-61BFFAE92AD5}.Debug|Any CPU.ActiveCfg = Debug|Any CPU
		{2C639B5C-5AE8-4387-B16C-61BFFAE92AD5}.Debug|Any CPU.Build.0 = Debug|Any CPU
		{2C639B5C-5AE8-4387-B16C-61BFFAE92AD5}.Release|Any CPU.ActiveCfg = Release|Any CPU
		{2C639B5C-5AE8-4387-B16C-61BFFAE92AD5}.Release|Any CPU.Build.0 = Release|Any CPU
		{98E49495-459D-4349-9225-B5E9FD901255}.Debug|Any CPU.ActiveCfg = Debug|Any CPU
		{98E49495-459D-4349-9225-B5E9FD901255}.Debug|Any CPU.Build.0 = Debug|Any CPU
		{98E49495-459D-4349-9225-B5E9FD901255}.Release|Any CPU.ActiveCfg = Release|Any CPU
		{98E49495-459D-4349-9225-B5E9FD901255}.Release|Any CPU.Build.0 = Release|Any CPU
		{468932C1-D45F-45A9-A6AA-4948626B32C8}.Debug|Any CPU.ActiveCfg = Debug|Any CPU
		{468932C1-D45F-45A9-A6AA-4948626B32C8}.Debug|Any CPU.Build.0 = Debug|Any CPU
		{468932C1-D45F-45A9-A6AA-4948626B32C8}.Release|Any CPU.ActiveCfg = Release|Any CPU
		{468932C1-D45F-45A9-A6AA-4948626B32C8}.Release|Any CPU.Build.0 = Release|Any CPU
		{A6DB82FE-D636-49D3-BC3B-7F1E9BE0D894}.Debug|Any CPU.ActiveCfg = Debug|Any CPU
		{A6DB82FE-D636-49D3-BC3B-7F1E9BE0D894}.Debug|Any CPU.Build.0 = Debug|Any CPU
		{A6DB82FE-D636-49D3-BC3B-7F1E9BE0D894}.Release|Any CPU.ActiveCfg = Release|Any CPU
		{A6DB82FE-D636-49D3-BC3B-7F1E9BE0D894}.Release|Any CPU.Build.0 = Release|Any CPU
		{FA9A3461-D219-4279-8521-F4751FC52009}.Debug|Any CPU.ActiveCfg = Debug|Any CPU
		{FA9A3461-D219-4279-8521-F4751FC52009}.Debug|Any CPU.Build.0 = Debug|Any CPU
		{FA9A3461-D219-4279-8521-F4751FC52009}.Release|Any CPU.ActiveCfg = Release|Any CPU
		{FA9A3461-D219-4279-8521-F4751FC52009}.Release|Any CPU.Build.0 = Release|Any CPU
	EndGlobalSection
	GlobalSection(SolutionProperties) = preSolution
		HideSolutionNode = FALSE
	EndGlobalSection
	GlobalSection(NestedProjects) = preSolution
		{855BCA80-756D-4C3E-AF2C-37AE6F6C8AD0} = {5D0013DF-C4F1-42FD-80A3-E80345B4059F}
		{426CA6E1-CEAC-49BD-818C-BD7D6B45D892} = {5D0013DF-C4F1-42FD-80A3-E80345B4059F}
		{2C639B5C-5AE8-4387-B16C-61BFFAE92AD5} = {5D0013DF-C4F1-42FD-80A3-E80345B4059F}
		{98E49495-459D-4349-9225-B5E9FD901255} = {5D0013DF-C4F1-42FD-80A3-E80345B4059F}
		{468932C1-D45F-45A9-A6AA-4948626B32C8} = {5D0013DF-C4F1-42FD-80A3-E80345B4059F}
		{A6DB82FE-D636-49D3-BC3B-7F1E9BE0D894} = {5D588EBE-F04B-4FDA-884A-2307CCF394B1}
		{FA9A3461-D219-4279-8521-F4751FC52009} = {5D588EBE-F04B-4FDA-884A-2307CCF394B1}
	EndGlobalSection
	GlobalSection(ExtensibilityGlobals) = postSolution
		SolutionGuid = {369B69EA-FED7-4C82-B458-2CD0B18DE981}
	EndGlobalSection
EndGlobal
