
Microsoft Visual Studio Solution File, Format Version 12.00
# Visual Studio Version 16
VisualStudioVersion = 16.0.30002.166
MinimumVisualStudioVersion = 10.0.40219.1
Project("{FAE04EC0-301F-11D3-BF4B-00C04F79EFBC}") = "Authentication.Api", "Authentication.Api\Authentication.Api.csproj", "{855BCA80-756D-4C3E-AF2C-37AE6F6C8AD0}"
EndProject
Project("{9A19103F-16F7-4668-BE54-9A1E7A4F7556}") = "Authentication.Types", "Authentication.Types\Authentication.Types.csproj", "{426CA6E1-CEAC-49BD-818C-BD7D6B45D892}"
EndProject
Project("{9A19103F-16F7-4668-BE54-9A1E7A4F7556}") = "Authentication.OperationalManagement", "Authentication.OperationalManagement\Authentication.OperationalManagement.csproj", "{2C639B5C-5AE8-4387-B16C-61BFFAE92AD5}"
EndProject
Project("{9A19103F-16F7-4668-BE54-9A1E7A4F7556}") = "Authentication.DataLayer", "Authentication.DataLayer\Authentication.DataLayer.csproj", "{98E49495-459D-4349-9225-B5E9FD901255}"
EndProject
Project("{9A19103F-16F7-4668-BE54-9A1E7A4F7556}") = "Authentication.BusinessLayer", "Authentication.BusinessLayer\Authentication.BusinessLayer.csproj", "{468932C1-D45F-45A9-A6AA-4948626B32C8}"
EndProject
Project("{FAE04EC0-301F-11D3-BF4B-00C04F79EFBC}") = "Authentication.IntegrationTests", "Authentication.IntegrationTests\Authentication.IntegrationTests.csproj", "{86E4E626-5D1C-47F5-9E4D-8DAB0CD76B91}"
EndProject
Project("{2150E333-8FDC-42A3-9474-1A3956D46DE8}") = "Solution Tests", "Solution Tests", "{5D588EBE-F04B-4FDA-884A-2307CCF394B1}"
EndProject
Project("{2150E333-8FDC-42A3-9474-1A3956D46DE8}") = "Solution Items", "Solution Items", "{38CDC27D-0600-4734-AB42-14F42A5E6215}"
	ProjectSection(SolutionItems) = preProject
		Settings.stylecop = Settings.stylecop
	EndProjectSection
EndProject
Project("{FAE04EC0-301F-11D3-BF4B-00C04F79EFBC}") = "Authentication.UnitTests", "Authentication.UnitTests\Authentication.UnitTests.csproj", "{A6DB82FE-D636-49D3-BC3B-7F1E9BE0D894}"
EndProject
Global
	GlobalSection(SolutionConfigurationPlatforms) = preSolution
		Debug|Any CPU = Debug|Any CPU
		Release|Any CPU = Release|Any CPU
	EndGlobalSection
	GlobalSection(ProjectConfigurationPlatforms) = postSolution
		{855BCA80-756D-4C3E-AF2C-37AE6F6C8AD0}.Debug|Any CPU.ActiveCfg = Debug|Any CPU
		{855BCA80-756D-4C3E-AF2C-37AE6F6C8AD0}.Debug|Any CPU.Build.0 = Debug|Any CPU
		{855BCA80-756D-4C3E-AF2C-37AE6F6C8AD0}.Release|Any CPU.ActiveCfg = Release|Any CPU
		{855BCA80-756D-4C3E-AF2C-37AE6F6C8AD0}.Release|Any CPU.Build.0 = Release|Any CPU
		{426CA6E1-CEAC-49BD-818C-BD7D6B45D892}.Debug|Any CPU.ActiveCfg = Debug|Any CPU
		{426CA6E1-CEAC-49BD-818C-BD7D6B45D892}.Debug|Any CPU.Build.0 = Debug|Any CPU
		{426CA6E1-CEAC-49BD-818C-BD7D6B45D892}.Release|Any CPU.ActiveCfg = Release|Any CPU
		{426CA6E1-CEAC-49BD-818C-BD7D6B45D892}.Release|Any CPU.Build.0 = Release|Any CPU
		{2C639B5C-5AE8-4387-B16C-61BFFAE92AD5}.Debug|Any CPU.ActiveCfg = Debug|Any CPU
		{2C639B5C-5AE8-4387-B16C-61BFFAE92AD5}.Debug|Any CPU.Build.0 = Debug|Any CPU
		{2C639B5C-5AE8-4387-B16C-61BFFAE92AD5}.Release|Any CPU.ActiveCfg = Release|Any CPU
		{2C639B5C-5AE8-4387-B16C-61BFFAE92AD5}.Release|Any CPU.Build.0 = Release|Any CPU
		{98E49495-459D-4349-9225-B5E9FD901255}.Debug|Any CPU.ActiveCfg = Debug|Any CPU
		{98E49495-459D-4349-9225-B5E9FD901255}.Debug|Any CPU.Build.0 = Debug|Any CPU
		{98E49495-459D-4349-9225-B5E9FD901255}.Release|Any CPU.ActiveCfg = Release|Any CPU
		{98E49495-459D-4349-9225-B5E9FD901255}.Release|Any CPU.Build.0 = Release|Any CPU
		{468932C1-D45F-45A9-A6AA-4948626B32C8}.Debug|Any CPU.ActiveCfg = Debug|Any CPU
		{468932C1-D45F-45A9-A6AA-4948626B32C8}.Debug|Any CPU.Build.0 = Debug|Any CPU
		{468932C1-D45F-45A9-A6AA-4948626B32C8}.Release|Any CPU.ActiveCfg = Release|Any CPU
		{468932C1-D45F-45A9-A6AA-4948626B32C8}.Release|Any CPU.Build.0 = Release|Any CPU
		{86E4E626-5D1C-47F5-9E4D-8DAB0CD76B91}.Debug|Any CPU.ActiveCfg = Debug|Any CPU
		{86E4E626-5D1C-47F5-9E4D-8DAB0CD76B91}.Debug|Any CPU.Build.0 = Debug|Any CPU
		{86E4E626-5D1C-47F5-9E4D-8DAB0CD76B91}.Release|Any CPU.ActiveCfg = Release|Any CPU
		{86E4E626-5D1C-47F5-9E4D-8DAB0CD76B91}.Release|Any CPU.Build.0 = Release|Any CPU
		{A6DB82FE-D636-49D3-BC3B-7F1E9BE0D894}.Debug|Any CPU.ActiveCfg = Debug|Any CPU
		{A6DB82FE-D636-49D3-BC3B-7F1E9BE0D894}.Debug|Any CPU.Build.0 = Debug|Any CPU
		{A6DB82FE-D636-49D3-BC3B-7F1E9BE0D894}.Release|Any CPU.ActiveCfg = Release|Any CPU
		{A6DB82FE-D636-49D3-BC3B-7F1E9BE0D894}.Release|Any CPU.Build.0 = Release|Any CPU
	EndGlobalSection
	GlobalSection(SolutionProperties) = preSolution
		HideSolutionNode = FALSE
	EndGlobalSection
	GlobalSection(NestedProjects) = preSolution
		{86E4E626-5D1C-47F5-9E4D-8DAB0CD76B91} = {5D588EBE-F04B-4FDA-884A-2307CCF394B1}
		{A6DB82FE-D636-49D3-BC3B-7F1E9BE0D894} = {5D588EBE-F04B-4FDA-884A-2307CCF394B1}
	EndGlobalSection
	GlobalSection(ExtensibilityGlobals) = postSolution
		SolutionGuid = {369B69EA-FED7-4C82-B458-2CD0B18DE981}
	EndGlobalSection
EndGlobal
